
Microsoft Visual Studio Solution File, Format Version 12.00
# Visual Studio Version 17
VisualStudioVersion = 17.4.33213.308
MinimumVisualStudioVersion = 10.0.40219.1
Project("{9A19103F-16F7-4668-BE54-9A1E7A4F7556}") = "Template.Api", "Template.Api\Template.Api.csproj", "{83EB403B-BA66-4AE9-8C03-58A6748E94E7}"
EndProject
Project("{2150E333-8FDC-42A3-9474-1A3956D46DE8}") = "Modules", "Modules", "{6A2E5DBF-D2B7-4EDA-AA42-B23CAC38E389}"
EndProject
Project("{2150E333-8FDC-42A3-9474-1A3956D46DE8}") = "Template.Modules.Core", "Template.Modules.Core", "{84850421-419A-4370-94E6-1544C58A59E1}"
EndProject
Project("{2150E333-8FDC-42A3-9474-1A3956D46DE8}") = "Template.Modules.Shared", "Template.Modules.Shared", "{8A2DEC79-E96E-439F-8F7F-3CED24521DDD}"
EndProject
Project("{9A19103F-16F7-4668-BE54-9A1E7A4F7556}") = "Template.Modules.Core.Application", "Modules\Template.Modules.Core\Template.Modules.Core.Appliacation\Template.Modules.Core.Application.csproj", "{61ECB4B5-D25F-4221-AC47-16CB995D4825}"
EndProject
Project("{9A19103F-16F7-4668-BE54-9A1E7A4F7556}") = "Template.Modules.Core.Core", "Modules\Template.Modules.Core\Template.Modules.Core.Core\Template.Modules.Core.Core.csproj", "{0E79A7A8-B967-4A17-A03C-FDA97BBDC8D7}"
EndProject
Project("{9A19103F-16F7-4668-BE54-9A1E7A4F7556}") = "Template.Modules.Core.Infrastructure", "Modules\Template.Modules.Core\Template.Modules.Core.Infrastructure\Template.Modules.Core.Infrastructure.csproj", "{BB531C76-9F84-4D9D-A645-8431B0260016}"
EndProject
Project("{9A19103F-16F7-4668-BE54-9A1E7A4F7556}") = "Template.Modules.Shared.Application", "Modules\Template.Modules.Shared\Template.Modules.Shared.Application\Template.Modules.Shared.Application.csproj", "{6F74899E-3AEA-41FF-AF05-5A31773F03AA}"
EndProject
Project("{9A19103F-16F7-4668-BE54-9A1E7A4F7556}") = "Template.Modules.Shared.Core", "Modules\Template.Modules.Shared\Template.Modules.Shared.Core\Template.Modules.Shared.Core.csproj", "{D80E0034-57AF-476C-9163-E92AA17E966E}"
EndProject
Project("{9A19103F-16F7-4668-BE54-9A1E7A4F7556}") = "Template.Modules.Shared.Infrastructure", "Modules\Template.Modules.Shared\Template.Modules.Shared.Infrastructure\Template.Modules.Shared.Infrastructure.csproj", "{3478A798-BD78-458E-A817-EB92957088FD}"
EndProject
Project("{2150E333-8FDC-42A3-9474-1A3956D46DE8}") = "Template.Modules.Notifications", "Template.Modules.Notifications", "{79004314-19B8-49A1-A32A-19B8BB600D5E}"
EndProject
Project("{9A19103F-16F7-4668-BE54-9A1E7A4F7556}") = "Template.Modules.Notifications.Application", "Modules\Template.Modules.Notifications\Template.Modules.Notifications.Application\Template.Modules.Notifications.Application.csproj", "{5F22DB68-519E-4EB5-889C-1B5C7E5A5E42}"
EndProject
Project("{9A19103F-16F7-4668-BE54-9A1E7A4F7556}") = "Template.Modules.Notifications.Core", "Modules\Template.Modules.Notifications\Template.Modules.Notifications.Core\Template.Modules.Notifications.Core.csproj", "{5004495B-1EB0-4B3F-9C0E-05FDED40BC96}"
EndProject
Project("{9A19103F-16F7-4668-BE54-9A1E7A4F7556}") = "Template.Modules.Notifications.Infrastructure", "Modules\Template.Modules.Notifications\Template.Modules.Notifications.Infrastructure\Template.Modules.Notifications.Infrastructure.csproj", "{25D28066-78D0-4CEF-8B9C-1C5F0F6B7DA3}"
EndProject
Global
	GlobalSection(SolutionConfigurationPlatforms) = preSolution
		Debug|Any CPU = Debug|Any CPU
		Release|Any CPU = Release|Any CPU
	EndGlobalSection
	GlobalSection(ProjectConfigurationPlatforms) = postSolution
		{83EB403B-BA66-4AE9-8C03-58A6748E94E7}.Debug|Any CPU.ActiveCfg = Debug|Any CPU
		{83EB403B-BA66-4AE9-8C03-58A6748E94E7}.Debug|Any CPU.Build.0 = Debug|Any CPU
		{83EB403B-BA66-4AE9-8C03-58A6748E94E7}.Release|Any CPU.ActiveCfg = Release|Any CPU
		{83EB403B-BA66-4AE9-8C03-58A6748E94E7}.Release|Any CPU.Build.0 = Release|Any CPU
		{61ECB4B5-D25F-4221-AC47-16CB995D4825}.Debug|Any CPU.ActiveCfg = Debug|Any CPU
		{61ECB4B5-D25F-4221-AC47-16CB995D4825}.Debug|Any CPU.Build.0 = Debug|Any CPU
		{61ECB4B5-D25F-4221-AC47-16CB995D4825}.Release|Any CPU.ActiveCfg = Release|Any CPU
		{61ECB4B5-D25F-4221-AC47-16CB995D4825}.Release|Any CPU.Build.0 = Release|Any CPU
		{0E79A7A8-B967-4A17-A03C-FDA97BBDC8D7}.Debug|Any CPU.ActiveCfg = Debug|Any CPU
		{0E79A7A8-B967-4A17-A03C-FDA97BBDC8D7}.Debug|Any CPU.Build.0 = Debug|Any CPU
		{0E79A7A8-B967-4A17-A03C-FDA97BBDC8D7}.Release|Any CPU.ActiveCfg = Release|Any CPU
		{0E79A7A8-B967-4A17-A03C-FDA97BBDC8D7}.Release|Any CPU.Build.0 = Release|Any CPU
		{BB531C76-9F84-4D9D-A645-8431B0260016}.Debug|Any CPU.ActiveCfg = Debug|Any CPU
		{BB531C76-9F84-4D9D-A645-8431B0260016}.Debug|Any CPU.Build.0 = Debug|Any CPU
		{BB531C76-9F84-4D9D-A645-8431B0260016}.Release|Any CPU.ActiveCfg = Release|Any CPU
		{BB531C76-9F84-4D9D-A645-8431B0260016}.Release|Any CPU.Build.0 = Release|Any CPU
		{6F74899E-3AEA-41FF-AF05-5A31773F03AA}.Debug|Any CPU.ActiveCfg = Debug|Any CPU
		{6F74899E-3AEA-41FF-AF05-5A31773F03AA}.Debug|Any CPU.Build.0 = Debug|Any CPU
		{6F74899E-3AEA-41FF-AF05-5A31773F03AA}.Release|Any CPU.ActiveCfg = Release|Any CPU
		{6F74899E-3AEA-41FF-AF05-5A31773F03AA}.Release|Any CPU.Build.0 = Release|Any CPU
		{D80E0034-57AF-476C-9163-E92AA17E966E}.Debug|Any CPU.ActiveCfg = Debug|Any CPU
		{D80E0034-57AF-476C-9163-E92AA17E966E}.Debug|Any CPU.Build.0 = Debug|Any CPU
		{D80E0034-57AF-476C-9163-E92AA17E966E}.Release|Any CPU.ActiveCfg = Release|Any CPU
		{D80E0034-57AF-476C-9163-E92AA17E966E}.Release|Any CPU.Build.0 = Release|Any CPU
		{3478A798-BD78-458E-A817-EB92957088FD}.Debug|Any CPU.ActiveCfg = Debug|Any CPU
		{3478A798-BD78-458E-A817-EB92957088FD}.Debug|Any CPU.Build.0 = Debug|Any CPU
		{3478A798-BD78-458E-A817-EB92957088FD}.Release|Any CPU.ActiveCfg = Release|Any CPU
		{3478A798-BD78-458E-A817-EB92957088FD}.Release|Any CPU.Build.0 = Release|Any CPU
		{5F22DB68-519E-4EB5-889C-1B5C7E5A5E42}.Debug|Any CPU.ActiveCfg = Debug|Any CPU
		{5F22DB68-519E-4EB5-889C-1B5C7E5A5E42}.Debug|Any CPU.Build.0 = Debug|Any CPU
		{5F22DB68-519E-4EB5-889C-1B5C7E5A5E42}.Release|Any CPU.ActiveCfg = Release|Any CPU
		{5F22DB68-519E-4EB5-889C-1B5C7E5A5E42}.Release|Any CPU.Build.0 = Release|Any CPU
		{5004495B-1EB0-4B3F-9C0E-05FDED40BC96}.Debug|Any CPU.ActiveCfg = Debug|Any CPU
		{5004495B-1EB0-4B3F-9C0E-05FDED40BC96}.Debug|Any CPU.Build.0 = Debug|Any CPU
		{5004495B-1EB0-4B3F-9C0E-05FDED40BC96}.Release|Any CPU.ActiveCfg = Release|Any CPU
		{5004495B-1EB0-4B3F-9C0E-05FDED40BC96}.Release|Any CPU.Build.0 = Release|Any CPU
		{25D28066-78D0-4CEF-8B9C-1C5F0F6B7DA3}.Debug|Any CPU.ActiveCfg = Debug|Any CPU
		{25D28066-78D0-4CEF-8B9C-1C5F0F6B7DA3}.Debug|Any CPU.Build.0 = Debug|Any CPU
		{25D28066-78D0-4CEF-8B9C-1C5F0F6B7DA3}.Release|Any CPU.ActiveCfg = Release|Any CPU
		{25D28066-78D0-4CEF-8B9C-1C5F0F6B7DA3}.Release|Any CPU.Build.0 = Release|Any CPU
	EndGlobalSection
	GlobalSection(SolutionProperties) = preSolution
		HideSolutionNode = FALSE
	EndGlobalSection
	GlobalSection(NestedProjects) = preSolution
		{84850421-419A-4370-94E6-1544C58A59E1} = {6A2E5DBF-D2B7-4EDA-AA42-B23CAC38E389}
		{8A2DEC79-E96E-439F-8F7F-3CED24521DDD} = {6A2E5DBF-D2B7-4EDA-AA42-B23CAC38E389}
		{61ECB4B5-D25F-4221-AC47-16CB995D4825} = {84850421-419A-4370-94E6-1544C58A59E1}
		{0E79A7A8-B967-4A17-A03C-FDA97BBDC8D7} = {84850421-419A-4370-94E6-1544C58A59E1}
		{BB531C76-9F84-4D9D-A645-8431B0260016} = {84850421-419A-4370-94E6-1544C58A59E1}
		{6F74899E-3AEA-41FF-AF05-5A31773F03AA} = {8A2DEC79-E96E-439F-8F7F-3CED24521DDD}
		{D80E0034-57AF-476C-9163-E92AA17E966E} = {8A2DEC79-E96E-439F-8F7F-3CED24521DDD}
		{3478A798-BD78-458E-A817-EB92957088FD} = {8A2DEC79-E96E-439F-8F7F-3CED24521DDD}
		{79004314-19B8-49A1-A32A-19B8BB600D5E} = {6A2E5DBF-D2B7-4EDA-AA42-B23CAC38E389}
		{5F22DB68-519E-4EB5-889C-1B5C7E5A5E42} = {79004314-19B8-49A1-A32A-19B8BB600D5E}
		{5004495B-1EB0-4B3F-9C0E-05FDED40BC96} = {79004314-19B8-49A1-A32A-19B8BB600D5E}
		{25D28066-78D0-4CEF-8B9C-1C5F0F6B7DA3} = {79004314-19B8-49A1-A32A-19B8BB600D5E}
	EndGlobalSection
	GlobalSection(ExtensibilityGlobals) = postSolution
		SolutionGuid = {C485D547-A70C-42A4-9B64-7DB4A33FE3D9}
	EndGlobalSection
EndGlobal
